
Microsoft Visual Studio Solution File, Format Version 12.00
# Visual Studio Version 16
VisualStudioVersion = 16.0.30204.135
MinimumVisualStudioVersion = 10.0.40219.1
Project("{FAE04EC0-301F-11D3-BF4B-00C04F79EFBC}") = "OpenCvSharp.DebuggerVisualizers", "OpenCvSharp.DebuggerVisualizers\OpenCvSharp.DebuggerVisualizers.csproj", "{4232CB4A-DFE3-46CA-9503-C5F1798BAED3}"
EndProject
Global
	GlobalSection(SolutionConfigurationPlatforms) = preSolution
		Debug|Any CPU = Debug|Any CPU
		Release|Any CPU = Release|Any CPU
	EndGlobalSection
	GlobalSection(ProjectConfigurationPlatforms) = postSolution
		{4232CB4A-DFE3-46CA-9503-C5F1798BAED3}.Debug|Any CPU.ActiveCfg = Debug|Any CPU
		{4232CB4A-DFE3-46CA-9503-C5F1798BAED3}.Debug|Any CPU.Build.0 = Debug|Any CPU
		{4232CB4A-DFE3-46CA-9503-C5F1798BAED3}.Release|Any CPU.ActiveCfg = Release|Any CPU
		{4232CB4A-DFE3-46CA-9503-C5F1798BAED3}.Release|Any CPU.Build.0 = Release|Any CPU
	EndGlobalSection
	GlobalSection(SolutionProperties) = preSolution
		HideSolutionNode = FALSE
	EndGlobalSection
	GlobalSection(ExtensibilityGlobals) = postSolution
		SolutionGuid = {46EC3512-AC41-4F04-9216-D693D30242C1}
	EndGlobalSection
EndGlobal
